
Microsoft Visual Studio Solution File, Format Version 12.00
# Visual Studio Version 17
VisualStudioVersion = 17.5.33414.496
MinimumVisualStudioVersion = 10.0.40219.1
Project("{9A19103F-16F7-4668-BE54-9A1E7A4F7556}") = "BudgetManager", "BudgetManager\BudgetManager.csproj", "{A1E6034E-BC8C-4539-9A14-A6FC32B034A5}"
EndProject
Global
	GlobalSection(SolutionConfigurationPlatforms) = preSolution
		Debug|Any CPU = Debug|Any CPU
		Release|Any CPU = Release|Any CPU
	EndGlobalSection
	GlobalSection(ProjectConfigurationPlatforms) = postSolution
		{A1E6034E-BC8C-4539-9A14-A6FC32B034A5}.Debug|Any CPU.ActiveCfg = Debug|Any CPU
		{A1E6034E-BC8C-4539-9A14-A6FC32B034A5}.Debug|Any CPU.Build.0 = Debug|Any CPU
		{A1E6034E-BC8C-4539-9A14-A6FC32B034A5}.Release|Any CPU.ActiveCfg = Release|Any CPU
		{A1E6034E-BC8C-4539-9A14-A6FC32B034A5}.Release|Any CPU.Build.0 = Release|Any CPU
	EndGlobalSection
	GlobalSection(SolutionProperties) = preSolution
		HideSolutionNode = FALSE
	EndGlobalSection
	GlobalSection(ExtensibilityGlobals) = postSolution
		SolutionGuid = {1006430E-D3FA-472C-878A-B8046C85CDEE}
	EndGlobalSection
EndGlobal
